
Microsoft Visual Studio Solution File, Format Version 12.00
# Visual Studio Version 16
VisualStudioVersion = 16.0.31729.503
MinimumVisualStudioVersion = 10.0.40219.1
Project("{FAE04EC0-301F-11D3-BF4B-00C04F79EFBC}") = "WebApplication1", "WebApplication1\WebApplication1.csproj", "{C866C0F7-7625-4512-B829-A79C21188062}"
EndProject
Project("{FAE04EC0-301F-11D3-BF4B-00C04F79EFBC}") = "SGOUtil", "SGOUtil\SGOUtil.csproj", "{4893E89C-D3D7-4C3B-9304-02B6F37CEDEF}"
EndProject
Project("{FAE04EC0-301F-11D3-BF4B-00C04F79EFBC}") = "Datos", "Datos\Datos.csproj", "{A415A6CC-0DD4-4A4B-B4B1-38F5CF94348F}"
EndProject
Project("{FAE04EC0-301F-11D3-BF4B-00C04F79EFBC}") = "Entidades", "Entidades\Entidades.csproj", "{95889855-26A8-429B-93F8-9E308AAB0C48}"
EndProject
Project("{FAE04EC0-301F-11D3-BF4B-00C04F79EFBC}") = "Negocios", "Negocios\Negocios.csproj", "{4A4AA2FF-8B3A-45F5-843C-885AF93DC8E8}"
EndProject
Global
	GlobalSection(SolutionConfigurationPlatforms) = preSolution
		Debug|Any CPU = Debug|Any CPU
		Release|Any CPU = Release|Any CPU
	EndGlobalSection
	GlobalSection(ProjectConfigurationPlatforms) = postSolution
		{C866C0F7-7625-4512-B829-A79C21188062}.Debug|Any CPU.ActiveCfg = Debug|Any CPU
		{C866C0F7-7625-4512-B829-A79C21188062}.Debug|Any CPU.Build.0 = Debug|Any CPU
		{C866C0F7-7625-4512-B829-A79C21188062}.Release|Any CPU.ActiveCfg = Release|Any CPU
		{C866C0F7-7625-4512-B829-A79C21188062}.Release|Any CPU.Build.0 = Release|Any CPU
		{4893E89C-D3D7-4C3B-9304-02B6F37CEDEF}.Debug|Any CPU.ActiveCfg = Debug|Any CPU
		{4893E89C-D3D7-4C3B-9304-02B6F37CEDEF}.Debug|Any CPU.Build.0 = Debug|Any CPU
		{4893E89C-D3D7-4C3B-9304-02B6F37CEDEF}.Release|Any CPU.ActiveCfg = Release|Any CPU
		{4893E89C-D3D7-4C3B-9304-02B6F37CEDEF}.Release|Any CPU.Build.0 = Release|Any CPU
		{A415A6CC-0DD4-4A4B-B4B1-38F5CF94348F}.Debug|Any CPU.ActiveCfg = Debug|Any CPU
		{A415A6CC-0DD4-4A4B-B4B1-38F5CF94348F}.Debug|Any CPU.Build.0 = Debug|Any CPU
		{A415A6CC-0DD4-4A4B-B4B1-38F5CF94348F}.Release|Any CPU.ActiveCfg = Release|Any CPU
		{A415A6CC-0DD4-4A4B-B4B1-38F5CF94348F}.Release|Any CPU.Build.0 = Release|Any CPU
		{95889855-26A8-429B-93F8-9E308AAB0C48}.Debug|Any CPU.ActiveCfg = Debug|Any CPU
		{95889855-26A8-429B-93F8-9E308AAB0C48}.Debug|Any CPU.Build.0 = Debug|Any CPU
		{95889855-26A8-429B-93F8-9E308AAB0C48}.Release|Any CPU.ActiveCfg = Release|Any CPU
		{95889855-26A8-429B-93F8-9E308AAB0C48}.Release|Any CPU.Build.0 = Release|Any CPU
		{4A4AA2FF-8B3A-45F5-843C-885AF93DC8E8}.Debug|Any CPU.ActiveCfg = Debug|Any CPU
		{4A4AA2FF-8B3A-45F5-843C-885AF93DC8E8}.Debug|Any CPU.Build.0 = Debug|Any CPU
		{4A4AA2FF-8B3A-45F5-843C-885AF93DC8E8}.Release|Any CPU.ActiveCfg = Release|Any CPU
		{4A4AA2FF-8B3A-45F5-843C-885AF93DC8E8}.Release|Any CPU.Build.0 = Release|Any CPU
	EndGlobalSection
	GlobalSection(SolutionProperties) = preSolution
		HideSolutionNode = FALSE
	EndGlobalSection
	GlobalSection(ExtensibilityGlobals) = postSolution
		SolutionGuid = {35FC27AA-1F5F-4CF4-A55A-F7A63DC70085}
	EndGlobalSection
EndGlobal
